
Microsoft Visual Studio Solution File, Format Version 12.00
# Visual Studio Version 17
VisualStudioVersion = 17.1.32319.34
MinimumVisualStudioVersion = 10.0.40219.1
Project("{FAE04EC0-301F-11D3-BF4B-00C04F79EFBC}") = "MANTENEDORCLIENTE", "MANTENEDORCLIENTE.csproj", "{4093BA4C-C2FE-47EC-844C-4571A34E5271}"
EndProject
Global
	GlobalSection(SolutionConfigurationPlatforms) = preSolution
		Debug|Any CPU = Debug|Any CPU
		Release|Any CPU = Release|Any CPU
	EndGlobalSection
	GlobalSection(ProjectConfigurationPlatforms) = postSolution
		{4093BA4C-C2FE-47EC-844C-4571A34E5271}.Debug|Any CPU.ActiveCfg = Debug|Any CPU
		{4093BA4C-C2FE-47EC-844C-4571A34E5271}.Debug|Any CPU.Build.0 = Debug|Any CPU
		{4093BA4C-C2FE-47EC-844C-4571A34E5271}.Release|Any CPU.ActiveCfg = Release|Any CPU
		{4093BA4C-C2FE-47EC-844C-4571A34E5271}.Release|Any CPU.Build.0 = Release|Any CPU
	EndGlobalSection
	GlobalSection(SolutionProperties) = preSolution
		HideSolutionNode = FALSE
	EndGlobalSection
	GlobalSection(ExtensibilityGlobals) = postSolution
		SolutionGuid = {BF4DE18C-41DB-4AD0-A534-8039DE2243F9}
	EndGlobalSection
EndGlobal
